
Microsoft Visual Studio Solution File, Format Version 12.00
# Visual Studio Version 17
VisualStudioVersion = 17.1.31903.286
MinimumVisualStudioVersion = 10.0.40219.1
Project("{D954291E-2A0B-460D-934E-DC6B0785DB48}") = "DopeTestUno.Shared", "DopeTestUno\DopeTestUno.Shared\DopeTestUno.Shared.shproj", "{6279C845-92F8-4333-AB99-3D213163593C}"
EndProject
Project("{FAE04EC0-301F-11D3-BF4B-00C04F79EFBC}") = "DopeTestUno.Droid", "DopeTestUno\DopeTestUno.Droid\DopeTestUno.Droid.csproj", "{DDF53067-4643-4D38-9F5D-15B7D1F99BA5}"
EndProject
Project("{FAE04EC0-301F-11D3-BF4B-00C04F79EFBC}") = "DopeTestUno.iOS", "DopeTestUno\DopeTestUno.iOS\DopeTestUno.iOS.csproj", "{856AB650-8EBA-49B4-9B30-CF37309501D7}"
EndProject
Project("{FAE04EC0-301F-11D3-BF4B-00C04F79EFBC}") = "DopeTestUno.UWP", "DopeTestUno\DopeTestUno.UWP\DopeTestUno.UWP.csproj", "{CE6D75C9-C8EF-4C98-A1AA-B3A8A7EC2E07}"
EndProject
Project("{9A19103F-16F7-4668-BE54-9A1E7A4F7556}") = "DopeTestUno.Wasm", "DopeTestUno\DopeTestUno.Wasm\DopeTestUno.Wasm.csproj", "{2CB5CE61-43EC-4411-9ADC-46890E794351}"
EndProject
Project("{FAE04EC0-301F-11D3-BF4B-00C04F79EFBC}") = "DopeTestUno.macOS", "DopeTestUno\DopeTestUno.macOS\DopeTestUno.macOS.csproj", "{25FD8A81-14E5-4389-B471-4676C846ED56}"
EndProject
Project("{9A19103F-16F7-4668-BE54-9A1E7A4F7556}") = "DopeTestUno.Skia.Gtk", "DopeTestUno\DopeTestUno.Skia.Gtk\DopeTestUno.Skia.Gtk.csproj", "{DFFAECAF-8C1A-4F05-B0CC-7F6364BC36A2}"
EndProject
Project("{9A19103F-16F7-4668-BE54-9A1E7A4F7556}") = "DopeTestUno.Skia.WPF", "DopeTestUno\DopeTestUno.Skia.WPF\DopeTestUno.Skia.WPF.csproj", "{FA956C91-8337-4457-BC8B-38F2109B8197}"
EndProject
Project("{9A19103F-16F7-4668-BE54-9A1E7A4F7556}") = "DopeTestUno.Skia.Wpf.Host", "DopeTestUno\DopeTestUno.Skia.WPF.Host\DopeTestUno.Skia.Wpf.Host.csproj", "{AD0CABC2-D98E-475C-84B6-AF349EFC6A40}"
EndProject
Project("{9A19103F-16F7-4668-BE54-9A1E7A4F7556}") = "DopeTestUno.Mobile", "DopeTestUno\DopeTestUno.Mobile\DopeTestUno.Mobile.csproj", "{CC72A729-2CF1-4B25-B04E-DB16C0535F0C}"
EndProject
Global
	GlobalSection(SharedMSBuildProjectFiles) = preSolution
		DopeTestUno\DopeTestUno.Shared\DopeTestUno.Shared.projitems*{25fd8a81-14e5-4389-b471-4676c846ed56}*SharedItemsImports = 4
		DopeTestUno\DopeTestUno.Shared\DopeTestUno.Shared.projitems*{2cb5ce61-43ec-4411-9adc-46890e794351}*SharedItemsImports = 5
		DopeTestUno\DopeTestUno.Shared\DopeTestUno.Shared.projitems*{6279c845-92f8-4333-ab99-3d213163593c}*SharedItemsImports = 13
		DopeTestUno\DopeTestUno.Shared\DopeTestUno.Shared.projitems*{856ab650-8eba-49b4-9b30-cf37309501d7}*SharedItemsImports = 4
		DopeTestUno\DopeTestUno.Shared\DopeTestUno.Shared.projitems*{cc72a729-2cf1-4b25-b04e-db16c0535f0c}*SharedItemsImports = 5
		DopeTestUno\DopeTestUno.Shared\DopeTestUno.Shared.projitems*{ce6d75c9-c8ef-4c98-a1aa-b3a8a7ec2e07}*SharedItemsImports = 4
		DopeTestUno\DopeTestUno.Shared\DopeTestUno.Shared.projitems*{ddf53067-4643-4d38-9f5d-15b7d1f99ba5}*SharedItemsImports = 4
		DopeTestUno\DopeTestUno.Shared\DopeTestUno.Shared.projitems*{dffaecaf-8c1a-4f05-b0cc-7f6364bc36a2}*SharedItemsImports = 5
		DopeTestUno\DopeTestUno.Shared\DopeTestUno.Shared.projitems*{fa956c91-8337-4457-bc8b-38f2109b8197}*SharedItemsImports = 5
	EndGlobalSection
	GlobalSection(SolutionConfigurationPlatforms) = preSolution
		Ad-Hoc|Any CPU = Ad-Hoc|Any CPU
		Ad-Hoc|ARM = Ad-Hoc|ARM
		Ad-Hoc|ARM64 = Ad-Hoc|ARM64
		Ad-Hoc|iPhone = Ad-Hoc|iPhone
		Ad-Hoc|iPhoneSimulator = Ad-Hoc|iPhoneSimulator
		Ad-Hoc|x64 = Ad-Hoc|x64
		Ad-Hoc|x86 = Ad-Hoc|x86
		AppStore|Any CPU = AppStore|Any CPU
		AppStore|ARM = AppStore|ARM
		AppStore|ARM64 = AppStore|ARM64
		AppStore|iPhone = AppStore|iPhone
		AppStore|iPhoneSimulator = AppStore|iPhoneSimulator
		AppStore|x64 = AppStore|x64
		AppStore|x86 = AppStore|x86
		Debug|Any CPU = Debug|Any CPU
		Debug|ARM = Debug|ARM
		Debug|ARM64 = Debug|ARM64
		Debug|iPhone = Debug|iPhone
		Debug|iPhoneSimulator = Debug|iPhoneSimulator
		Debug|x64 = Debug|x64
		Debug|x86 = Debug|x86
		Release|Any CPU = Release|Any CPU
		Release|ARM = Release|ARM
		Release|ARM64 = Release|ARM64
		Release|iPhone = Release|iPhone
		Release|iPhoneSimulator = Release|iPhoneSimulator
		Release|x64 = Release|x64
		Release|x86 = Release|x86
	EndGlobalSection
	GlobalSection(ProjectConfigurationPlatforms) = postSolution
		{DDF53067-4643-4D38-9F5D-15B7D1F99BA5}.Ad-Hoc|Any CPU.ActiveCfg = Release|Any CPU
		{DDF53067-4643-4D38-9F5D-15B7D1F99BA5}.Ad-Hoc|Any CPU.Build.0 = Release|Any CPU
		{DDF53067-4643-4D38-9F5D-15B7D1F99BA5}.Ad-Hoc|Any CPU.Deploy.0 = Release|Any CPU
		{DDF53067-4643-4D38-9F5D-15B7D1F99BA5}.Ad-Hoc|ARM.ActiveCfg = Release|Any CPU
		{DDF53067-4643-4D38-9F5D-15B7D1F99BA5}.Ad-Hoc|ARM.Build.0 = Release|Any CPU
		{DDF53067-4643-4D38-9F5D-15B7D1F99BA5}.Ad-Hoc|ARM.Deploy.0 = Release|Any CPU
		{DDF53067-4643-4D38-9F5D-15B7D1F99BA5}.Ad-Hoc|ARM64.ActiveCfg = Release|Any CPU
		{DDF53067-4643-4D38-9F5D-15B7D1F99BA5}.Ad-Hoc|ARM64.Build.0 = Release|Any CPU
		{DDF53067-4643-4D38-9F5D-15B7D1F99BA5}.Ad-Hoc|ARM64.Deploy.0 = Release|Any CPU
		{DDF53067-4643-4D38-9F5D-15B7D1F99BA5}.Ad-Hoc|iPhone.ActiveCfg = Release|Any CPU
		{DDF53067-4643-4D38-9F5D-15B7D1F99BA5}.Ad-Hoc|iPhone.Build.0 = Release|Any CPU
		{DDF53067-4643-4D38-9F5D-15B7D1F99BA5}.Ad-Hoc|iPhone.Deploy.0 = Release|Any CPU
		{DDF53067-4643-4D38-9F5D-15B7D1F99BA5}.Ad-Hoc|iPhoneSimulator.ActiveCfg = Release|Any CPU
		{DDF53067-4643-4D38-9F5D-15B7D1F99BA5}.Ad-Hoc|iPhoneSimulator.Build.0 = Release|Any CPU
		{DDF53067-4643-4D38-9F5D-15B7D1F99BA5}.Ad-Hoc|iPhoneSimulator.Deploy.0 = Release|Any CPU
		{DDF53067-4643-4D38-9F5D-15B7D1F99BA5}.Ad-Hoc|x64.ActiveCfg = Release|Any CPU
		{DDF53067-4643-4D38-9F5D-15B7D1F99BA5}.Ad-Hoc|x64.Build.0 = Release|Any CPU
		{DDF53067-4643-4D38-9F5D-15B7D1F99BA5}.Ad-Hoc|x64.Deploy.0 = Release|Any CPU
		{DDF53067-4643-4D38-9F5D-15B7D1F99BA5}.Ad-Hoc|x86.ActiveCfg = Release|Any CPU
		{DDF53067-4643-4D38-9F5D-15B7D1F99BA5}.Ad-Hoc|x86.Build.0 = Release|Any CPU
		{DDF53067-4643-4D38-9F5D-15B7D1F99BA5}.Ad-Hoc|x86.Deploy.0 = Release|Any CPU
		{DDF53067-4643-4D38-9F5D-15B7D1F99BA5}.AppStore|Any CPU.ActiveCfg = Release|Any CPU
		{DDF53067-4643-4D38-9F5D-15B7D1F99BA5}.AppStore|Any CPU.Build.0 = Release|Any CPU
		{DDF53067-4643-4D38-9F5D-15B7D1F99BA5}.AppStore|Any CPU.Deploy.0 = Release|Any CPU
		{DDF53067-4643-4D38-9F5D-15B7D1F99BA5}.AppStore|ARM.ActiveCfg = Release|Any CPU
		{DDF53067-4643-4D38-9F5D-15B7D1F99BA5}.AppStore|ARM.Build.0 = Release|Any CPU
		{DDF53067-4643-4D38-9F5D-15B7D1F99BA5}.AppStore|ARM.Deploy.0 = Release|Any CPU
		{DDF53067-4643-4D38-9F5D-15B7D1F99BA5}.AppStore|ARM64.ActiveCfg = Release|Any CPU
		{DDF53067-4643-4D38-9F5D-15B7D1F99BA5}.AppStore|ARM64.Build.0 = Release|Any CPU
		{DDF53067-4643-4D38-9F5D-15B7D1F99BA5}.AppStore|ARM64.Deploy.0 = Release|Any CPU
		{DDF53067-4643-4D38-9F5D-15B7D1F99BA5}.AppStore|iPhone.ActiveCfg = Release|Any CPU
		{DDF53067-4643-4D38-9F5D-15B7D1F99BA5}.AppStore|iPhone.Build.0 = Release|Any CPU
		{DDF53067-4643-4D38-9F5D-15B7D1F99BA5}.AppStore|iPhone.Deploy.0 = Release|Any CPU
		{DDF53067-4643-4D38-9F5D-15B7D1F99BA5}.AppStore|iPhoneSimulator.ActiveCfg = Release|Any CPU
		{DDF53067-4643-4D38-9F5D-15B7D1F99BA5}.AppStore|iPhoneSimulator.Build.0 = Release|Any CPU
		{DDF53067-4643-4D38-9F5D-15B7D1F99BA5}.AppStore|iPhoneSimulator.Deploy.0 = Release|Any CPU
		{DDF53067-4643-4D38-9F5D-15B7D1F99BA5}.AppStore|x64.ActiveCfg = Release|Any CPU
		{DDF53067-4643-4D38-9F5D-15B7D1F99BA5}.AppStore|x64.Build.0 = Release|Any CPU
		{DDF53067-4643-4D38-9F5D-15B7D1F99BA5}.AppStore|x64.Deploy.0 = Release|Any CPU
		{DDF53067-4643-4D38-9F5D-15B7D1F99BA5}.AppStore|x86.ActiveCfg = Release|Any CPU
		{DDF53067-4643-4D38-9F5D-15B7D1F99BA5}.AppStore|x86.Build.0 = Release|Any CPU
		{DDF53067-4643-4D38-9F5D-15B7D1F99BA5}.AppStore|x86.Deploy.0 = Release|Any CPU
		{DDF53067-4643-4D38-9F5D-15B7D1F99BA5}.Debug|Any CPU.ActiveCfg = Debug|Any CPU
		{DDF53067-4643-4D38-9F5D-15B7D1F99BA5}.Debug|Any CPU.Build.0 = Debug|Any CPU
		{DDF53067-4643-4D38-9F5D-15B7D1F99BA5}.Debug|Any CPU.Deploy.0 = Debug|Any CPU
		{DDF53067-4643-4D38-9F5D-15B7D1F99BA5}.Debug|ARM.ActiveCfg = Debug|Any CPU
		{DDF53067-4643-4D38-9F5D-15B7D1F99BA5}.Debug|ARM.Build.0 = Debug|Any CPU
		{DDF53067-4643-4D38-9F5D-15B7D1F99BA5}.Debug|ARM.Deploy.0 = Debug|Any CPU
		{DDF53067-4643-4D38-9F5D-15B7D1F99BA5}.Debug|ARM64.ActiveCfg = Debug|Any CPU
		{DDF53067-4643-4D38-9F5D-15B7D1F99BA5}.Debug|ARM64.Build.0 = Debug|Any CPU
		{DDF53067-4643-4D38-9F5D-15B7D1F99BA5}.Debug|ARM64.Deploy.0 = Debug|Any CPU
		{DDF53067-4643-4D38-9F5D-15B7D1F99BA5}.Debug|iPhone.ActiveCfg = Debug|Any CPU
		{DDF53067-4643-4D38-9F5D-15B7D1F99BA5}.Debug|iPhone.Build.0 = Debug|Any CPU
		{DDF53067-4643-4D38-9F5D-15B7D1F99BA5}.Debug|iPhone.Deploy.0 = Debug|Any CPU
		{DDF53067-4643-4D38-9F5D-15B7D1F99BA5}.Debug|iPhoneSimulator.ActiveCfg = Debug|Any CPU
		{DDF53067-4643-4D38-9F5D-15B7D1F99BA5}.Debug|iPhoneSimulator.Build.0 = Debug|Any CPU
		{DDF53067-4643-4D38-9F5D-15B7D1F99BA5}.Debug|iPhoneSimulator.Deploy.0 = Debug|Any CPU
		{DDF53067-4643-4D38-9F5D-15B7D1F99BA5}.Debug|x64.ActiveCfg = Debug|Any CPU
		{DDF53067-4643-4D38-9F5D-15B7D1F99BA5}.Debug|x64.Build.0 = Debug|Any CPU
		{DDF53067-4643-4D38-9F5D-15B7D1F99BA5}.Debug|x64.Deploy.0 = Debug|Any CPU
		{DDF53067-4643-4D38-9F5D-15B7D1F99BA5}.Debug|x86.ActiveCfg = Debug|Any CPU
		{DDF53067-4643-4D38-9F5D-15B7D1F99BA5}.Debug|x86.Build.0 = Debug|Any CPU
		{DDF53067-4643-4D38-9F5D-15B7D1F99BA5}.Debug|x86.Deploy.0 = Debug|Any CPU
		{DDF53067-4643-4D38-9F5D-15B7D1F99BA5}.Release|Any CPU.ActiveCfg = Release|Any CPU
		{DDF53067-4643-4D38-9F5D-15B7D1F99BA5}.Release|Any CPU.Build.0 = Release|Any CPU
		{DDF53067-4643-4D38-9F5D-15B7D1F99BA5}.Release|Any CPU.Deploy.0 = Release|Any CPU
		{DDF53067-4643-4D38-9F5D-15B7D1F99BA5}.Release|ARM.ActiveCfg = Release|Any CPU
		{DDF53067-4643-4D38-9F5D-15B7D1F99BA5}.Release|ARM.Build.0 = Release|Any CPU
		{DDF53067-4643-4D38-9F5D-15B7D1F99BA5}.Release|ARM.Deploy.0 = Release|Any CPU
		{DDF53067-4643-4D38-9F5D-15B7D1F99BA5}.Release|ARM64.ActiveCfg = Release|Any CPU
		{DDF53067-4643-4D38-9F5D-15B7D1F99BA5}.Release|ARM64.Build.0 = Release|Any CPU
		{DDF53067-4643-4D38-9F5D-15B7D1F99BA5}.Release|ARM64.Deploy.0 = Release|Any CPU
		{DDF53067-4643-4D38-9F5D-15B7D1F99BA5}.Release|iPhone.ActiveCfg = Release|Any CPU
		{DDF53067-4643-4D38-9F5D-15B7D1F99BA5}.Release|iPhone.Build.0 = Release|Any CPU
		{DDF53067-4643-4D38-9F5D-15B7D1F99BA5}.Release|iPhone.Deploy.0 = Release|Any CPU
		{DDF53067-4643-4D38-9F5D-15B7D1F99BA5}.Release|iPhoneSimulator.ActiveCfg = Release|Any CPU
		{DDF53067-4643-4D38-9F5D-15B7D1F99BA5}.Release|iPhoneSimulator.Build.0 = Release|Any CPU
		{DDF53067-4643-4D38-9F5D-15B7D1F99BA5}.Release|iPhoneSimulator.Deploy.0 = Release|Any CPU
		{DDF53067-4643-4D38-9F5D-15B7D1F99BA5}.Release|x64.ActiveCfg = Release|Any CPU
		{DDF53067-4643-4D38-9F5D-15B7D1F99BA5}.Release|x64.Build.0 = Release|Any CPU
		{DDF53067-4643-4D38-9F5D-15B7D1F99BA5}.Release|x64.Deploy.0 = Release|Any CPU
		{DDF53067-4643-4D38-9F5D-15B7D1F99BA5}.Release|x86.ActiveCfg = Release|Any CPU
		{DDF53067-4643-4D38-9F5D-15B7D1F99BA5}.Release|x86.Build.0 = Release|Any CPU
		{DDF53067-4643-4D38-9F5D-15B7D1F99BA5}.Release|x86.Deploy.0 = Release|Any CPU
		{856AB650-8EBA-49B4-9B30-CF37309501D7}.Ad-Hoc|Any CPU.ActiveCfg = Ad-Hoc|iPhone
		{856AB650-8EBA-49B4-9B30-CF37309501D7}.Ad-Hoc|ARM.ActiveCfg = Ad-Hoc|iPhone
		{856AB650-8EBA-49B4-9B30-CF37309501D7}.Ad-Hoc|ARM64.ActiveCfg = Ad-Hoc|iPhone
		{856AB650-8EBA-49B4-9B30-CF37309501D7}.Ad-Hoc|iPhone.ActiveCfg = Ad-Hoc|iPhone
		{856AB650-8EBA-49B4-9B30-CF37309501D7}.Ad-Hoc|iPhone.Build.0 = Ad-Hoc|iPhone
		{856AB650-8EBA-49B4-9B30-CF37309501D7}.Ad-Hoc|iPhoneSimulator.ActiveCfg = Ad-Hoc|iPhoneSimulator
		{856AB650-8EBA-49B4-9B30-CF37309501D7}.Ad-Hoc|iPhoneSimulator.Build.0 = Ad-Hoc|iPhoneSimulator
		{856AB650-8EBA-49B4-9B30-CF37309501D7}.Ad-Hoc|x64.ActiveCfg = Ad-Hoc|iPhone
		{856AB650-8EBA-49B4-9B30-CF37309501D7}.Ad-Hoc|x86.ActiveCfg = Ad-Hoc|iPhone
		{856AB650-8EBA-49B4-9B30-CF37309501D7}.AppStore|Any CPU.ActiveCfg = AppStore|iPhone
		{856AB650-8EBA-49B4-9B30-CF37309501D7}.AppStore|ARM.ActiveCfg = AppStore|iPhone
		{856AB650-8EBA-49B4-9B30-CF37309501D7}.AppStore|ARM64.ActiveCfg = AppStore|iPhone
		{856AB650-8EBA-49B4-9B30-CF37309501D7}.AppStore|iPhone.ActiveCfg = AppStore|iPhone
		{856AB650-8EBA-49B4-9B30-CF37309501D7}.AppStore|iPhone.Build.0 = AppStore|iPhone
		{856AB650-8EBA-49B4-9B30-CF37309501D7}.AppStore|iPhoneSimulator.ActiveCfg = AppStore|iPhoneSimulator
		{856AB650-8EBA-49B4-9B30-CF37309501D7}.AppStore|iPhoneSimulator.Build.0 = AppStore|iPhoneSimulator
		{856AB650-8EBA-49B4-9B30-CF37309501D7}.AppStore|x64.ActiveCfg = AppStore|iPhone
		{856AB650-8EBA-49B4-9B30-CF37309501D7}.AppStore|x86.ActiveCfg = AppStore|iPhone
		{856AB650-8EBA-49B4-9B30-CF37309501D7}.Debug|Any CPU.ActiveCfg = Debug|iPhone
		{856AB650-8EBA-49B4-9B30-CF37309501D7}.Debug|ARM.ActiveCfg = Debug|iPhone
		{856AB650-8EBA-49B4-9B30-CF37309501D7}.Debug|ARM64.ActiveCfg = Debug|iPhone
		{856AB650-8EBA-49B4-9B30-CF37309501D7}.Debug|iPhone.ActiveCfg = Debug|iPhone
		{856AB650-8EBA-49B4-9B30-CF37309501D7}.Debug|iPhone.Build.0 = Debug|iPhone
		{856AB650-8EBA-49B4-9B30-CF37309501D7}.Debug|iPhoneSimulator.ActiveCfg = Debug|iPhoneSimulator
		{856AB650-8EBA-49B4-9B30-CF37309501D7}.Debug|iPhoneSimulator.Build.0 = Debug|iPhoneSimulator
		{856AB650-8EBA-49B4-9B30-CF37309501D7}.Debug|x64.ActiveCfg = Debug|iPhone
		{856AB650-8EBA-49B4-9B30-CF37309501D7}.Debug|x86.ActiveCfg = Debug|iPhone
		{856AB650-8EBA-49B4-9B30-CF37309501D7}.Release|Any CPU.ActiveCfg = Release|iPhone
		{856AB650-8EBA-49B4-9B30-CF37309501D7}.Release|Any CPU.Build.0 = Release|iPhone
		{856AB650-8EBA-49B4-9B30-CF37309501D7}.Release|ARM.ActiveCfg = Release|iPhone
		{856AB650-8EBA-49B4-9B30-CF37309501D7}.Release|ARM64.ActiveCfg = Release|iPhone
		{856AB650-8EBA-49B4-9B30-CF37309501D7}.Release|iPhone.ActiveCfg = Release|iPhone
		{856AB650-8EBA-49B4-9B30-CF37309501D7}.Release|iPhone.Build.0 = Release|iPhone
		{856AB650-8EBA-49B4-9B30-CF37309501D7}.Release|iPhoneSimulator.ActiveCfg = Release|iPhoneSimulator
		{856AB650-8EBA-49B4-9B30-CF37309501D7}.Release|iPhoneSimulator.Build.0 = Release|iPhoneSimulator
		{856AB650-8EBA-49B4-9B30-CF37309501D7}.Release|x64.ActiveCfg = Release|iPhone
		{856AB650-8EBA-49B4-9B30-CF37309501D7}.Release|x86.ActiveCfg = Release|iPhone
		{CE6D75C9-C8EF-4C98-A1AA-B3A8A7EC2E07}.Ad-Hoc|Any CPU.ActiveCfg = Release|x64
		{CE6D75C9-C8EF-4C98-A1AA-B3A8A7EC2E07}.Ad-Hoc|Any CPU.Build.0 = Release|x64
		{CE6D75C9-C8EF-4C98-A1AA-B3A8A7EC2E07}.Ad-Hoc|Any CPU.Deploy.0 = Release|x64
		{CE6D75C9-C8EF-4C98-A1AA-B3A8A7EC2E07}.Ad-Hoc|ARM.ActiveCfg = Release|ARM
		{CE6D75C9-C8EF-4C98-A1AA-B3A8A7EC2E07}.Ad-Hoc|ARM.Build.0 = Release|ARM
		{CE6D75C9-C8EF-4C98-A1AA-B3A8A7EC2E07}.Ad-Hoc|ARM.Deploy.0 = Release|ARM
		{CE6D75C9-C8EF-4C98-A1AA-B3A8A7EC2E07}.Ad-Hoc|ARM64.ActiveCfg = Release|ARM64
		{CE6D75C9-C8EF-4C98-A1AA-B3A8A7EC2E07}.Ad-Hoc|ARM64.Build.0 = Release|ARM64
		{CE6D75C9-C8EF-4C98-A1AA-B3A8A7EC2E07}.Ad-Hoc|ARM64.Deploy.0 = Release|ARM64
		{CE6D75C9-C8EF-4C98-A1AA-B3A8A7EC2E07}.Ad-Hoc|iPhone.ActiveCfg = Release|x64
		{CE6D75C9-C8EF-4C98-A1AA-B3A8A7EC2E07}.Ad-Hoc|iPhone.Build.0 = Release|x64
		{CE6D75C9-C8EF-4C98-A1AA-B3A8A7EC2E07}.Ad-Hoc|iPhone.Deploy.0 = Release|x64
		{CE6D75C9-C8EF-4C98-A1AA-B3A8A7EC2E07}.Ad-Hoc|iPhoneSimulator.ActiveCfg = Release|x64
		{CE6D75C9-C8EF-4C98-A1AA-B3A8A7EC2E07}.Ad-Hoc|iPhoneSimulator.Build.0 = Release|x64
		{CE6D75C9-C8EF-4C98-A1AA-B3A8A7EC2E07}.Ad-Hoc|iPhoneSimulator.Deploy.0 = Release|x64
		{CE6D75C9-C8EF-4C98-A1AA-B3A8A7EC2E07}.Ad-Hoc|x64.ActiveCfg = Release|x64
		{CE6D75C9-C8EF-4C98-A1AA-B3A8A7EC2E07}.Ad-Hoc|x64.Build.0 = Release|x64
		{CE6D75C9-C8EF-4C98-A1AA-B3A8A7EC2E07}.Ad-Hoc|x64.Deploy.0 = Release|x64
		{CE6D75C9-C8EF-4C98-A1AA-B3A8A7EC2E07}.Ad-Hoc|x86.ActiveCfg = Release|x86
		{CE6D75C9-C8EF-4C98-A1AA-B3A8A7EC2E07}.Ad-Hoc|x86.Build.0 = Release|x86
		{CE6D75C9-C8EF-4C98-A1AA-B3A8A7EC2E07}.Ad-Hoc|x86.Deploy.0 = Release|x86
		{CE6D75C9-C8EF-4C98-A1AA-B3A8A7EC2E07}.AppStore|Any CPU.ActiveCfg = Release|x64
		{CE6D75C9-C8EF-4C98-A1AA-B3A8A7EC2E07}.AppStore|Any CPU.Build.0 = Release|x64
		{CE6D75C9-C8EF-4C98-A1AA-B3A8A7EC2E07}.AppStore|Any CPU.Deploy.0 = Release|x64
		{CE6D75C9-C8EF-4C98-A1AA-B3A8A7EC2E07}.AppStore|ARM.ActiveCfg = Release|ARM
		{CE6D75C9-C8EF-4C98-A1AA-B3A8A7EC2E07}.AppStore|ARM.Build.0 = Release|ARM
		{CE6D75C9-C8EF-4C98-A1AA-B3A8A7EC2E07}.AppStore|ARM.Deploy.0 = Release|ARM
		{CE6D75C9-C8EF-4C98-A1AA-B3A8A7EC2E07}.AppStore|ARM64.ActiveCfg = Release|ARM64
		{CE6D75C9-C8EF-4C98-A1AA-B3A8A7EC2E07}.AppStore|ARM64.Build.0 = Release|ARM64
		{CE6D75C9-C8EF-4C98-A1AA-B3A8A7EC2E07}.AppStore|ARM64.Deploy.0 = Release|ARM64
		{CE6D75C9-C8EF-4C98-A1AA-B3A8A7EC2E07}.AppStore|iPhone.ActiveCfg = Release|x64
		{CE6D75C9-C8EF-4C98-A1AA-B3A8A7EC2E07}.AppStore|iPhone.Build.0 = Release|x64
		{CE6D75C9-C8EF-4C98-A1AA-B3A8A7EC2E07}.AppStore|iPhone.Deploy.0 = Release|x64
		{CE6D75C9-C8EF-4C98-A1AA-B3A8A7EC2E07}.AppStore|iPhoneSimulator.ActiveCfg = Release|x64
		{CE6D75C9-C8EF-4C98-A1AA-B3A8A7EC2E07}.AppStore|iPhoneSimulator.Build.0 = Release|x64
		{CE6D75C9-C8EF-4C98-A1AA-B3A8A7EC2E07}.AppStore|iPhoneSimulator.Deploy.0 = Release|x64
		{CE6D75C9-C8EF-4C98-A1AA-B3A8A7EC2E07}.AppStore|x64.ActiveCfg = Release|x64
		{CE6D75C9-C8EF-4C98-A1AA-B3A8A7EC2E07}.AppStore|x64.Build.0 = Release|x64
		{CE6D75C9-C8EF-4C98-A1AA-B3A8A7EC2E07}.AppStore|x64.Deploy.0 = Release|x64
		{CE6D75C9-C8EF-4C98-A1AA-B3A8A7EC2E07}.AppStore|x86.ActiveCfg = Release|x86
		{CE6D75C9-C8EF-4C98-A1AA-B3A8A7EC2E07}.AppStore|x86.Build.0 = Release|x86
		{CE6D75C9-C8EF-4C98-A1AA-B3A8A7EC2E07}.AppStore|x86.Deploy.0 = Release|x86
		{CE6D75C9-C8EF-4C98-A1AA-B3A8A7EC2E07}.Debug|Any CPU.ActiveCfg = Debug|x86
		{CE6D75C9-C8EF-4C98-A1AA-B3A8A7EC2E07}.Debug|ARM.ActiveCfg = Debug|ARM
		{CE6D75C9-C8EF-4C98-A1AA-B3A8A7EC2E07}.Debug|ARM.Build.0 = Debug|ARM
		{CE6D75C9-C8EF-4C98-A1AA-B3A8A7EC2E07}.Debug|ARM.Deploy.0 = Debug|ARM
		{CE6D75C9-C8EF-4C98-A1AA-B3A8A7EC2E07}.Debug|ARM64.ActiveCfg = Debug|ARM64
		{CE6D75C9-C8EF-4C98-A1AA-B3A8A7EC2E07}.Debug|ARM64.Build.0 = Debug|ARM64
		{CE6D75C9-C8EF-4C98-A1AA-B3A8A7EC2E07}.Debug|ARM64.Deploy.0 = Debug|ARM64
		{CE6D75C9-C8EF-4C98-A1AA-B3A8A7EC2E07}.Debug|iPhone.ActiveCfg = Debug|x86
		{CE6D75C9-C8EF-4C98-A1AA-B3A8A7EC2E07}.Debug|iPhoneSimulator.ActiveCfg = Debug|x86
		{CE6D75C9-C8EF-4C98-A1AA-B3A8A7EC2E07}.Debug|x64.ActiveCfg = Debug|x64
		{CE6D75C9-C8EF-4C98-A1AA-B3A8A7EC2E07}.Debug|x64.Build.0 = Debug|x64
		{CE6D75C9-C8EF-4C98-A1AA-B3A8A7EC2E07}.Debug|x64.Deploy.0 = Debug|x64
		{CE6D75C9-C8EF-4C98-A1AA-B3A8A7EC2E07}.Debug|x86.ActiveCfg = Debug|x86
		{CE6D75C9-C8EF-4C98-A1AA-B3A8A7EC2E07}.Debug|x86.Build.0 = Debug|x86
		{CE6D75C9-C8EF-4C98-A1AA-B3A8A7EC2E07}.Debug|x86.Deploy.0 = Debug|x86
		{CE6D75C9-C8EF-4C98-A1AA-B3A8A7EC2E07}.Release|Any CPU.ActiveCfg = Release|x86
		{CE6D75C9-C8EF-4C98-A1AA-B3A8A7EC2E07}.Release|Any CPU.Build.0 = Release|x86
		{CE6D75C9-C8EF-4C98-A1AA-B3A8A7EC2E07}.Release|ARM.ActiveCfg = Release|ARM
		{CE6D75C9-C8EF-4C98-A1AA-B3A8A7EC2E07}.Release|ARM.Build.0 = Release|ARM
		{CE6D75C9-C8EF-4C98-A1AA-B3A8A7EC2E07}.Release|ARM.Deploy.0 = Release|ARM
		{CE6D75C9-C8EF-4C98-A1AA-B3A8A7EC2E07}.Release|ARM64.ActiveCfg = Release|ARM64
		{CE6D75C9-C8EF-4C98-A1AA-B3A8A7EC2E07}.Release|ARM64.Build.0 = Release|ARM64
		{CE6D75C9-C8EF-4C98-A1AA-B3A8A7EC2E07}.Release|ARM64.Deploy.0 = Release|ARM64
		{CE6D75C9-C8EF-4C98-A1AA-B3A8A7EC2E07}.Release|iPhone.ActiveCfg = Release|x86
		{CE6D75C9-C8EF-4C98-A1AA-B3A8A7EC2E07}.Release|iPhoneSimulator.ActiveCfg = Release|x86
		{CE6D75C9-C8EF-4C98-A1AA-B3A8A7EC2E07}.Release|x64.ActiveCfg = Release|x64
		{CE6D75C9-C8EF-4C98-A1AA-B3A8A7EC2E07}.Release|x64.Build.0 = Release|x64
		{CE6D75C9-C8EF-4C98-A1AA-B3A8A7EC2E07}.Release|x64.Deploy.0 = Release|x64
		{CE6D75C9-C8EF-4C98-A1AA-B3A8A7EC2E07}.Release|x86.ActiveCfg = Release|x86
		{CE6D75C9-C8EF-4C98-A1AA-B3A8A7EC2E07}.Release|x86.Build.0 = Release|x86
		{CE6D75C9-C8EF-4C98-A1AA-B3A8A7EC2E07}.Release|x86.Deploy.0 = Release|x86
		{2CB5CE61-43EC-4411-9ADC-46890E794351}.Ad-Hoc|Any CPU.ActiveCfg = Debug|Any CPU
		{2CB5CE61-43EC-4411-9ADC-46890E794351}.Ad-Hoc|Any CPU.Build.0 = Debug|Any CPU
		{2CB5CE61-43EC-4411-9ADC-46890E794351}.Ad-Hoc|ARM.ActiveCfg = Debug|Any CPU
		{2CB5CE61-43EC-4411-9ADC-46890E794351}.Ad-Hoc|ARM.Build.0 = Debug|Any CPU
		{2CB5CE61-43EC-4411-9ADC-46890E794351}.Ad-Hoc|ARM64.ActiveCfg = Debug|Any CPU
		{2CB5CE61-43EC-4411-9ADC-46890E794351}.Ad-Hoc|ARM64.Build.0 = Debug|Any CPU
		{2CB5CE61-43EC-4411-9ADC-46890E794351}.Ad-Hoc|iPhone.ActiveCfg = Debug|Any CPU
		{2CB5CE61-43EC-4411-9ADC-46890E794351}.Ad-Hoc|iPhone.Build.0 = Debug|Any CPU
		{2CB5CE61-43EC-4411-9ADC-46890E794351}.Ad-Hoc|iPhoneSimulator.ActiveCfg = Debug|Any CPU
		{2CB5CE61-43EC-4411-9ADC-46890E794351}.Ad-Hoc|iPhoneSimulator.Build.0 = Debug|Any CPU
		{2CB5CE61-43EC-4411-9ADC-46890E794351}.Ad-Hoc|x64.ActiveCfg = Debug|Any CPU
		{2CB5CE61-43EC-4411-9ADC-46890E794351}.Ad-Hoc|x64.Build.0 = Debug|Any CPU
		{2CB5CE61-43EC-4411-9ADC-46890E794351}.Ad-Hoc|x86.ActiveCfg = Debug|Any CPU
		{2CB5CE61-43EC-4411-9ADC-46890E794351}.Ad-Hoc|x86.Build.0 = Debug|Any CPU
		{2CB5CE61-43EC-4411-9ADC-46890E794351}.AppStore|Any CPU.ActiveCfg = Debug|Any CPU
		{2CB5CE61-43EC-4411-9ADC-46890E794351}.AppStore|Any CPU.Build.0 = Debug|Any CPU
		{2CB5CE61-43EC-4411-9ADC-46890E794351}.AppStore|ARM.ActiveCfg = Debug|Any CPU
		{2CB5CE61-43EC-4411-9ADC-46890E794351}.AppStore|ARM.Build.0 = Debug|Any CPU
		{2CB5CE61-43EC-4411-9ADC-46890E794351}.AppStore|ARM64.ActiveCfg = Debug|Any CPU
		{2CB5CE61-43EC-4411-9ADC-46890E794351}.AppStore|ARM64.Build.0 = Debug|Any CPU
		{2CB5CE61-43EC-4411-9ADC-46890E794351}.AppStore|iPhone.ActiveCfg = Debug|Any CPU
		{2CB5CE61-43EC-4411-9ADC-46890E794351}.AppStore|iPhone.Build.0 = Debug|Any CPU
		{2CB5CE61-43EC-4411-9ADC-46890E794351}.AppStore|iPhoneSimulator.ActiveCfg = Debug|Any CPU
		{2CB5CE61-43EC-4411-9ADC-46890E794351}.AppStore|iPhoneSimulator.Build.0 = Debug|Any CPU
		{2CB5CE61-43EC-4411-9ADC-46890E794351}.AppStore|x64.ActiveCfg = Debug|Any CPU
		{2CB5CE61-43EC-4411-9ADC-46890E794351}.AppStore|x64.Build.0 = Debug|Any CPU
		{2CB5CE61-43EC-4411-9ADC-46890E794351}.AppStore|x86.ActiveCfg = Debug|Any CPU
		{2CB5CE61-43EC-4411-9ADC-46890E794351}.AppStore|x86.Build.0 = Debug|Any CPU
		{2CB5CE61-43EC-4411-9ADC-46890E794351}.Debug|Any CPU.ActiveCfg = Debug|Any CPU
		{2CB5CE61-43EC-4411-9ADC-46890E794351}.Debug|Any CPU.Build.0 = Debug|Any CPU
		{2CB5CE61-43EC-4411-9ADC-46890E794351}.Debug|ARM.ActiveCfg = Debug|Any CPU
		{2CB5CE61-43EC-4411-9ADC-46890E794351}.Debug|ARM.Build.0 = Debug|Any CPU
		{2CB5CE61-43EC-4411-9ADC-46890E794351}.Debug|ARM64.ActiveCfg = Debug|Any CPU
		{2CB5CE61-43EC-4411-9ADC-46890E794351}.Debug|ARM64.Build.0 = Debug|Any CPU
		{2CB5CE61-43EC-4411-9ADC-46890E794351}.Debug|iPhone.ActiveCfg = Debug|Any CPU
		{2CB5CE61-43EC-4411-9ADC-46890E794351}.Debug|iPhone.Build.0 = Debug|Any CPU
		{2CB5CE61-43EC-4411-9ADC-46890E794351}.Debug|iPhoneSimulator.ActiveCfg = Debug|Any CPU
		{2CB5CE61-43EC-4411-9ADC-46890E794351}.Debug|iPhoneSimulator.Build.0 = Debug|Any CPU
		{2CB5CE61-43EC-4411-9ADC-46890E794351}.Debug|x64.ActiveCfg = Debug|Any CPU
		{2CB5CE61-43EC-4411-9ADC-46890E794351}.Debug|x64.Build.0 = Debug|Any CPU
		{2CB5CE61-43EC-4411-9ADC-46890E794351}.Debug|x86.ActiveCfg = Debug|Any CPU
		{2CB5CE61-43EC-4411-9ADC-46890E794351}.Debug|x86.Build.0 = Debug|Any CPU
		{2CB5CE61-43EC-4411-9ADC-46890E794351}.Release|Any CPU.ActiveCfg = Release|Any CPU
		{2CB5CE61-43EC-4411-9ADC-46890E794351}.Release|Any CPU.Build.0 = Release|Any CPU
		{2CB5CE61-43EC-4411-9ADC-46890E794351}.Release|ARM.ActiveCfg = Release|Any CPU
		{2CB5CE61-43EC-4411-9ADC-46890E794351}.Release|ARM.Build.0 = Release|Any CPU
		{2CB5CE61-43EC-4411-9ADC-46890E794351}.Release|ARM64.ActiveCfg = Release|Any CPU
		{2CB5CE61-43EC-4411-9ADC-46890E794351}.Release|ARM64.Build.0 = Release|Any CPU
		{2CB5CE61-43EC-4411-9ADC-46890E794351}.Release|iPhone.ActiveCfg = Release|Any CPU
		{2CB5CE61-43EC-4411-9ADC-46890E794351}.Release|iPhone.Build.0 = Release|Any CPU
		{2CB5CE61-43EC-4411-9ADC-46890E794351}.Release|iPhoneSimulator.ActiveCfg = Release|Any CPU
		{2CB5CE61-43EC-4411-9ADC-46890E794351}.Release|iPhoneSimulator.Build.0 = Release|Any CPU
		{2CB5CE61-43EC-4411-9ADC-46890E794351}.Release|x64.ActiveCfg = Release|Any CPU
		{2CB5CE61-43EC-4411-9ADC-46890E794351}.Release|x64.Build.0 = Release|Any CPU
		{2CB5CE61-43EC-4411-9ADC-46890E794351}.Release|x86.ActiveCfg = Release|Any CPU
		{2CB5CE61-43EC-4411-9ADC-46890E794351}.Release|x86.Build.0 = Release|Any CPU
		{25FD8A81-14E5-4389-B471-4676C846ED56}.Ad-Hoc|Any CPU.ActiveCfg = Release|iPhoneSimulator
		{25FD8A81-14E5-4389-B471-4676C846ED56}.Ad-Hoc|Any CPU.Build.0 = Release|iPhoneSimulator
		{25FD8A81-14E5-4389-B471-4676C846ED56}.Ad-Hoc|ARM.ActiveCfg = Release|iPhoneSimulator
		{25FD8A81-14E5-4389-B471-4676C846ED56}.Ad-Hoc|ARM.Build.0 = Release|iPhoneSimulator
		{25FD8A81-14E5-4389-B471-4676C846ED56}.Ad-Hoc|ARM64.ActiveCfg = Release|iPhoneSimulator
		{25FD8A81-14E5-4389-B471-4676C846ED56}.Ad-Hoc|ARM64.Build.0 = Release|iPhoneSimulator
		{25FD8A81-14E5-4389-B471-4676C846ED56}.Ad-Hoc|iPhone.ActiveCfg = Release|iPhoneSimulator
		{25FD8A81-14E5-4389-B471-4676C846ED56}.Ad-Hoc|iPhone.Build.0 = Release|iPhoneSimulator
		{25FD8A81-14E5-4389-B471-4676C846ED56}.Ad-Hoc|iPhoneSimulator.ActiveCfg = Release|iPhoneSimulator
		{25FD8A81-14E5-4389-B471-4676C846ED56}.Ad-Hoc|iPhoneSimulator.Build.0 = Release|iPhoneSimulator
		{25FD8A81-14E5-4389-B471-4676C846ED56}.Ad-Hoc|x64.ActiveCfg = Release|iPhoneSimulator
		{25FD8A81-14E5-4389-B471-4676C846ED56}.Ad-Hoc|x64.Build.0 = Release|iPhoneSimulator
		{25FD8A81-14E5-4389-B471-4676C846ED56}.Ad-Hoc|x86.ActiveCfg = Release|iPhoneSimulator
		{25FD8A81-14E5-4389-B471-4676C846ED56}.Ad-Hoc|x86.Build.0 = Release|iPhoneSimulator
		{25FD8A81-14E5-4389-B471-4676C846ED56}.AppStore|Any CPU.ActiveCfg = Release|iPhoneSimulator
		{25FD8A81-14E5-4389-B471-4676C846ED56}.AppStore|Any CPU.Build.0 = Release|iPhoneSimulator
		{25FD8A81-14E5-4389-B471-4676C846ED56}.AppStore|ARM.ActiveCfg = Release|iPhoneSimulator
		{25FD8A81-14E5-4389-B471-4676C846ED56}.AppStore|ARM.Build.0 = Release|iPhoneSimulator
		{25FD8A81-14E5-4389-B471-4676C846ED56}.AppStore|ARM64.ActiveCfg = Release|iPhoneSimulator
		{25FD8A81-14E5-4389-B471-4676C846ED56}.AppStore|ARM64.Build.0 = Release|iPhoneSimulator
		{25FD8A81-14E5-4389-B471-4676C846ED56}.AppStore|iPhone.ActiveCfg = Release|iPhoneSimulator
		{25FD8A81-14E5-4389-B471-4676C846ED56}.AppStore|iPhone.Build.0 = Release|iPhoneSimulator
		{25FD8A81-14E5-4389-B471-4676C846ED56}.AppStore|iPhoneSimulator.ActiveCfg = Release|iPhoneSimulator
		{25FD8A81-14E5-4389-B471-4676C846ED56}.AppStore|iPhoneSimulator.Build.0 = Release|iPhoneSimulator
		{25FD8A81-14E5-4389-B471-4676C846ED56}.AppStore|x64.ActiveCfg = Release|iPhoneSimulator
		{25FD8A81-14E5-4389-B471-4676C846ED56}.AppStore|x64.Build.0 = Release|iPhoneSimulator
		{25FD8A81-14E5-4389-B471-4676C846ED56}.AppStore|x86.ActiveCfg = Release|iPhoneSimulator
		{25FD8A81-14E5-4389-B471-4676C846ED56}.AppStore|x86.Build.0 = Release|iPhoneSimulator
		{25FD8A81-14E5-4389-B471-4676C846ED56}.Debug|Any CPU.ActiveCfg = Debug|iPhoneSimulator
		{25FD8A81-14E5-4389-B471-4676C846ED56}.Debug|ARM.ActiveCfg = Debug|iPhoneSimulator
		{25FD8A81-14E5-4389-B471-4676C846ED56}.Debug|ARM64.ActiveCfg = Debug|iPhoneSimulator
		{25FD8A81-14E5-4389-B471-4676C846ED56}.Debug|iPhone.ActiveCfg = Debug|iPhoneSimulator
		{25FD8A81-14E5-4389-B471-4676C846ED56}.Debug|iPhoneSimulator.ActiveCfg = Debug|iPhoneSimulator
		{25FD8A81-14E5-4389-B471-4676C846ED56}.Debug|iPhoneSimulator.Build.0 = Debug|iPhoneSimulator
		{25FD8A81-14E5-4389-B471-4676C846ED56}.Debug|x64.ActiveCfg = Debug|iPhoneSimulator
		{25FD8A81-14E5-4389-B471-4676C846ED56}.Debug|x86.ActiveCfg = Debug|iPhoneSimulator
		{25FD8A81-14E5-4389-B471-4676C846ED56}.Release|Any CPU.ActiveCfg = Release|iPhoneSimulator
		{25FD8A81-14E5-4389-B471-4676C846ED56}.Release|Any CPU.Build.0 = Release|iPhoneSimulator
		{25FD8A81-14E5-4389-B471-4676C846ED56}.Release|ARM.ActiveCfg = Release|iPhoneSimulator
		{25FD8A81-14E5-4389-B471-4676C846ED56}.Release|ARM64.ActiveCfg = Release|iPhoneSimulator
		{25FD8A81-14E5-4389-B471-4676C846ED56}.Release|iPhone.ActiveCfg = Release|iPhoneSimulator
		{25FD8A81-14E5-4389-B471-4676C846ED56}.Release|iPhoneSimulator.ActiveCfg = Release|iPhoneSimulator
		{25FD8A81-14E5-4389-B471-4676C846ED56}.Release|iPhoneSimulator.Build.0 = Release|iPhoneSimulator
		{25FD8A81-14E5-4389-B471-4676C846ED56}.Release|x64.ActiveCfg = Release|iPhoneSimulator
		{25FD8A81-14E5-4389-B471-4676C846ED56}.Release|x86.ActiveCfg = Release|iPhoneSimulator
		{DFFAECAF-8C1A-4F05-B0CC-7F6364BC36A2}.Ad-Hoc|Any CPU.ActiveCfg = Debug|Any CPU
		{DFFAECAF-8C1A-4F05-B0CC-7F6364BC36A2}.Ad-Hoc|Any CPU.Build.0 = Debug|Any CPU
		{DFFAECAF-8C1A-4F05-B0CC-7F6364BC36A2}.Ad-Hoc|ARM.ActiveCfg = Debug|Any CPU
		{DFFAECAF-8C1A-4F05-B0CC-7F6364BC36A2}.Ad-Hoc|ARM.Build.0 = Debug|Any CPU
		{DFFAECAF-8C1A-4F05-B0CC-7F6364BC36A2}.Ad-Hoc|ARM64.ActiveCfg = Debug|Any CPU
		{DFFAECAF-8C1A-4F05-B0CC-7F6364BC36A2}.Ad-Hoc|ARM64.Build.0 = Debug|Any CPU
		{DFFAECAF-8C1A-4F05-B0CC-7F6364BC36A2}.Ad-Hoc|iPhone.ActiveCfg = Debug|Any CPU
		{DFFAECAF-8C1A-4F05-B0CC-7F6364BC36A2}.Ad-Hoc|iPhone.Build.0 = Debug|Any CPU
		{DFFAECAF-8C1A-4F05-B0CC-7F6364BC36A2}.Ad-Hoc|iPhoneSimulator.ActiveCfg = Debug|Any CPU
		{DFFAECAF-8C1A-4F05-B0CC-7F6364BC36A2}.Ad-Hoc|iPhoneSimulator.Build.0 = Debug|Any CPU
		{DFFAECAF-8C1A-4F05-B0CC-7F6364BC36A2}.Ad-Hoc|x64.ActiveCfg = Debug|Any CPU
		{DFFAECAF-8C1A-4F05-B0CC-7F6364BC36A2}.Ad-Hoc|x64.Build.0 = Debug|Any CPU
		{DFFAECAF-8C1A-4F05-B0CC-7F6364BC36A2}.Ad-Hoc|x86.ActiveCfg = Debug|Any CPU
		{DFFAECAF-8C1A-4F05-B0CC-7F6364BC36A2}.Ad-Hoc|x86.Build.0 = Debug|Any CPU
		{DFFAECAF-8C1A-4F05-B0CC-7F6364BC36A2}.AppStore|Any CPU.ActiveCfg = Debug|Any CPU
		{DFFAECAF-8C1A-4F05-B0CC-7F6364BC36A2}.AppStore|Any CPU.Build.0 = Debug|Any CPU
		{DFFAECAF-8C1A-4F05-B0CC-7F6364BC36A2}.AppStore|ARM.ActiveCfg = Debug|Any CPU
		{DFFAECAF-8C1A-4F05-B0CC-7F6364BC36A2}.AppStore|ARM.Build.0 = Debug|Any CPU
		{DFFAECAF-8C1A-4F05-B0CC-7F6364BC36A2}.AppStore|ARM64.ActiveCfg = Debug|Any CPU
		{DFFAECAF-8C1A-4F05-B0CC-7F6364BC36A2}.AppStore|ARM64.Build.0 = Debug|Any CPU
		{DFFAECAF-8C1A-4F05-B0CC-7F6364BC36A2}.AppStore|iPhone.ActiveCfg = Debug|Any CPU
		{DFFAECAF-8C1A-4F05-B0CC-7F6364BC36A2}.AppStore|iPhone.Build.0 = Debug|Any CPU
		{DFFAECAF-8C1A-4F05-B0CC-7F6364BC36A2}.AppStore|iPhoneSimulator.ActiveCfg = Debug|Any CPU
		{DFFAECAF-8C1A-4F05-B0CC-7F6364BC36A2}.AppStore|iPhoneSimulator.Build.0 = Debug|Any CPU
		{DFFAECAF-8C1A-4F05-B0CC-7F6364BC36A2}.AppStore|x64.ActiveCfg = Debug|Any CPU
		{DFFAECAF-8C1A-4F05-B0CC-7F6364BC36A2}.AppStore|x64.Build.0 = Debug|Any CPU
		{DFFAECAF-8C1A-4F05-B0CC-7F6364BC36A2}.AppStore|x86.ActiveCfg = Debug|Any CPU
		{DFFAECAF-8C1A-4F05-B0CC-7F6364BC36A2}.AppStore|x86.Build.0 = Debug|Any CPU
		{DFFAECAF-8C1A-4F05-B0CC-7F6364BC36A2}.Debug|Any CPU.ActiveCfg = Debug|Any CPU
		{DFFAECAF-8C1A-4F05-B0CC-7F6364BC36A2}.Debug|Any CPU.Build.0 = Debug|Any CPU
		{DFFAECAF-8C1A-4F05-B0CC-7F6364BC36A2}.Debug|ARM.ActiveCfg = Debug|Any CPU
		{DFFAECAF-8C1A-4F05-B0CC-7F6364BC36A2}.Debug|ARM.Build.0 = Debug|Any CPU
		{DFFAECAF-8C1A-4F05-B0CC-7F6364BC36A2}.Debug|ARM64.ActiveCfg = Debug|Any CPU
		{DFFAECAF-8C1A-4F05-B0CC-7F6364BC36A2}.Debug|ARM64.Build.0 = Debug|Any CPU
		{DFFAECAF-8C1A-4F05-B0CC-7F6364BC36A2}.Debug|iPhone.ActiveCfg = Debug|Any CPU
		{DFFAECAF-8C1A-4F05-B0CC-7F6364BC36A2}.Debug|iPhone.Build.0 = Debug|Any CPU
		{DFFAECAF-8C1A-4F05-B0CC-7F6364BC36A2}.Debug|iPhoneSimulator.ActiveCfg = Debug|Any CPU
		{DFFAECAF-8C1A-4F05-B0CC-7F6364BC36A2}.Debug|iPhoneSimulator.Build.0 = Debug|Any CPU
		{DFFAECAF-8C1A-4F05-B0CC-7F6364BC36A2}.Debug|x64.ActiveCfg = Debug|Any CPU
		{DFFAECAF-8C1A-4F05-B0CC-7F6364BC36A2}.Debug|x64.Build.0 = Debug|Any CPU
		{DFFAECAF-8C1A-4F05-B0CC-7F6364BC36A2}.Debug|x86.ActiveCfg = Debug|Any CPU
		{DFFAECAF-8C1A-4F05-B0CC-7F6364BC36A2}.Debug|x86.Build.0 = Debug|Any CPU
		{DFFAECAF-8C1A-4F05-B0CC-7F6364BC36A2}.Release|Any CPU.ActiveCfg = Release|Any CPU
		{DFFAECAF-8C1A-4F05-B0CC-7F6364BC36A2}.Release|Any CPU.Build.0 = Release|Any CPU
		{DFFAECAF-8C1A-4F05-B0CC-7F6364BC36A2}.Release|ARM.ActiveCfg = Release|Any CPU
		{DFFAECAF-8C1A-4F05-B0CC-7F6364BC36A2}.Release|ARM.Build.0 = Release|Any CPU
		{DFFAECAF-8C1A-4F05-B0CC-7F6364BC36A2}.Release|ARM64.ActiveCfg = Release|Any CPU
		{DFFAECAF-8C1A-4F05-B0CC-7F6364BC36A2}.Release|ARM64.Build.0 = Release|Any CPU
		{DFFAECAF-8C1A-4F05-B0CC-7F6364BC36A2}.Release|iPhone.ActiveCfg = Release|Any CPU
		{DFFAECAF-8C1A-4F05-B0CC-7F6364BC36A2}.Release|iPhone.Build.0 = Release|Any CPU
		{DFFAECAF-8C1A-4F05-B0CC-7F6364BC36A2}.Release|iPhoneSimulator.ActiveCfg = Release|Any CPU
		{DFFAECAF-8C1A-4F05-B0CC-7F6364BC36A2}.Release|iPhoneSimulator.Build.0 = Release|Any CPU
		{DFFAECAF-8C1A-4F05-B0CC-7F6364BC36A2}.Release|x64.ActiveCfg = Release|Any CPU
		{DFFAECAF-8C1A-4F05-B0CC-7F6364BC36A2}.Release|x64.Build.0 = Release|Any CPU
		{DFFAECAF-8C1A-4F05-B0CC-7F6364BC36A2}.Release|x86.ActiveCfg = Release|Any CPU
		{DFFAECAF-8C1A-4F05-B0CC-7F6364BC36A2}.Release|x86.Build.0 = Release|Any CPU
		{FA956C91-8337-4457-BC8B-38F2109B8197}.Ad-Hoc|Any CPU.ActiveCfg = Debug|Any CPU
		{FA956C91-8337-4457-BC8B-38F2109B8197}.Ad-Hoc|Any CPU.Build.0 = Debug|Any CPU
		{FA956C91-8337-4457-BC8B-38F2109B8197}.Ad-Hoc|ARM.ActiveCfg = Debug|Any CPU
		{FA956C91-8337-4457-BC8B-38F2109B8197}.Ad-Hoc|ARM.Build.0 = Debug|Any CPU
		{FA956C91-8337-4457-BC8B-38F2109B8197}.Ad-Hoc|ARM64.ActiveCfg = Debug|Any CPU
		{FA956C91-8337-4457-BC8B-38F2109B8197}.Ad-Hoc|ARM64.Build.0 = Debug|Any CPU
		{FA956C91-8337-4457-BC8B-38F2109B8197}.Ad-Hoc|iPhone.ActiveCfg = Debug|Any CPU
		{FA956C91-8337-4457-BC8B-38F2109B8197}.Ad-Hoc|iPhone.Build.0 = Debug|Any CPU
		{FA956C91-8337-4457-BC8B-38F2109B8197}.Ad-Hoc|iPhoneSimulator.ActiveCfg = Debug|Any CPU
		{FA956C91-8337-4457-BC8B-38F2109B8197}.Ad-Hoc|iPhoneSimulator.Build.0 = Debug|Any CPU
		{FA956C91-8337-4457-BC8B-38F2109B8197}.Ad-Hoc|x64.ActiveCfg = Debug|Any CPU
		{FA956C91-8337-4457-BC8B-38F2109B8197}.Ad-Hoc|x64.Build.0 = Debug|Any CPU
		{FA956C91-8337-4457-BC8B-38F2109B8197}.Ad-Hoc|x86.ActiveCfg = Debug|Any CPU
		{FA956C91-8337-4457-BC8B-38F2109B8197}.Ad-Hoc|x86.Build.0 = Debug|Any CPU
		{FA956C91-8337-4457-BC8B-38F2109B8197}.AppStore|Any CPU.ActiveCfg = Debug|Any CPU
		{FA956C91-8337-4457-BC8B-38F2109B8197}.AppStore|Any CPU.Build.0 = Debug|Any CPU
		{FA956C91-8337-4457-BC8B-38F2109B8197}.AppStore|ARM.ActiveCfg = Debug|Any CPU
		{FA956C91-8337-4457-BC8B-38F2109B8197}.AppStore|ARM.Build.0 = Debug|Any CPU
		{FA956C91-8337-4457-BC8B-38F2109B8197}.AppStore|ARM64.ActiveCfg = Debug|Any CPU
		{FA956C91-8337-4457-BC8B-38F2109B8197}.AppStore|ARM64.Build.0 = Debug|Any CPU
		{FA956C91-8337-4457-BC8B-38F2109B8197}.AppStore|iPhone.ActiveCfg = Debug|Any CPU
		{FA956C91-8337-4457-BC8B-38F2109B8197}.AppStore|iPhone.Build.0 = Debug|Any CPU
		{FA956C91-8337-4457-BC8B-38F2109B8197}.AppStore|iPhoneSimulator.ActiveCfg = Debug|Any CPU
		{FA956C91-8337-4457-BC8B-38F2109B8197}.AppStore|iPhoneSimulator.Build.0 = Debug|Any CPU
		{FA956C91-8337-4457-BC8B-38F2109B8197}.AppStore|x64.ActiveCfg = Debug|Any CPU
		{FA956C91-8337-4457-BC8B-38F2109B8197}.AppStore|x64.Build.0 = Debug|Any CPU
		{FA956C91-8337-4457-BC8B-38F2109B8197}.AppStore|x86.ActiveCfg = Debug|Any CPU
		{FA956C91-8337-4457-BC8B-38F2109B8197}.AppStore|x86.Build.0 = Debug|Any CPU
		{FA956C91-8337-4457-BC8B-38F2109B8197}.Debug|Any CPU.ActiveCfg = Debug|Any CPU
		{FA956C91-8337-4457-BC8B-38F2109B8197}.Debug|Any CPU.Build.0 = Debug|Any CPU
		{FA956C91-8337-4457-BC8B-38F2109B8197}.Debug|ARM.ActiveCfg = Debug|Any CPU
		{FA956C91-8337-4457-BC8B-38F2109B8197}.Debug|ARM.Build.0 = Debug|Any CPU
		{FA956C91-8337-4457-BC8B-38F2109B8197}.Debug|ARM64.ActiveCfg = Debug|Any CPU
		{FA956C91-8337-4457-BC8B-38F2109B8197}.Debug|ARM64.Build.0 = Debug|Any CPU
		{FA956C91-8337-4457-BC8B-38F2109B8197}.Debug|iPhone.ActiveCfg = Debug|Any CPU
		{FA956C91-8337-4457-BC8B-38F2109B8197}.Debug|iPhone.Build.0 = Debug|Any CPU
		{FA956C91-8337-4457-BC8B-38F2109B8197}.Debug|iPhoneSimulator.ActiveCfg = Debug|Any CPU
		{FA956C91-8337-4457-BC8B-38F2109B8197}.Debug|iPhoneSimulator.Build.0 = Debug|Any CPU
		{FA956C91-8337-4457-BC8B-38F2109B8197}.Debug|x64.ActiveCfg = Debug|Any CPU
		{FA956C91-8337-4457-BC8B-38F2109B8197}.Debug|x64.Build.0 = Debug|Any CPU
		{FA956C91-8337-4457-BC8B-38F2109B8197}.Debug|x86.ActiveCfg = Debug|Any CPU
		{FA956C91-8337-4457-BC8B-38F2109B8197}.Debug|x86.Build.0 = Debug|Any CPU
		{FA956C91-8337-4457-BC8B-38F2109B8197}.Release|Any CPU.ActiveCfg = Release|Any CPU
		{FA956C91-8337-4457-BC8B-38F2109B8197}.Release|Any CPU.Build.0 = Release|Any CPU
		{FA956C91-8337-4457-BC8B-38F2109B8197}.Release|ARM.ActiveCfg = Release|Any CPU
		{FA956C91-8337-4457-BC8B-38F2109B8197}.Release|ARM.Build.0 = Release|Any CPU
		{FA956C91-8337-4457-BC8B-38F2109B8197}.Release|ARM64.ActiveCfg = Release|Any CPU
		{FA956C91-8337-4457-BC8B-38F2109B8197}.Release|ARM64.Build.0 = Release|Any CPU
		{FA956C91-8337-4457-BC8B-38F2109B8197}.Release|iPhone.ActiveCfg = Release|Any CPU
		{FA956C91-8337-4457-BC8B-38F2109B8197}.Release|iPhone.Build.0 = Release|Any CPU
		{FA956C91-8337-4457-BC8B-38F2109B8197}.Release|iPhoneSimulator.ActiveCfg = Release|Any CPU
		{FA956C91-8337-4457-BC8B-38F2109B8197}.Release|iPhoneSimulator.Build.0 = Release|Any CPU
		{FA956C91-8337-4457-BC8B-38F2109B8197}.Release|x64.ActiveCfg = Release|Any CPU
		{FA956C91-8337-4457-BC8B-38F2109B8197}.Release|x64.Build.0 = Release|Any CPU
		{FA956C91-8337-4457-BC8B-38F2109B8197}.Release|x86.ActiveCfg = Release|Any CPU
		{FA956C91-8337-4457-BC8B-38F2109B8197}.Release|x86.Build.0 = Release|Any CPU
		{AD0CABC2-D98E-475C-84B6-AF349EFC6A40}.Ad-Hoc|Any CPU.ActiveCfg = Debug|Any CPU
		{AD0CABC2-D98E-475C-84B6-AF349EFC6A40}.Ad-Hoc|Any CPU.Build.0 = Debug|Any CPU
		{AD0CABC2-D98E-475C-84B6-AF349EFC6A40}.Ad-Hoc|ARM.ActiveCfg = Debug|Any CPU
		{AD0CABC2-D98E-475C-84B6-AF349EFC6A40}.Ad-Hoc|ARM.Build.0 = Debug|Any CPU
		{AD0CABC2-D98E-475C-84B6-AF349EFC6A40}.Ad-Hoc|ARM64.ActiveCfg = Debug|Any CPU
		{AD0CABC2-D98E-475C-84B6-AF349EFC6A40}.Ad-Hoc|ARM64.Build.0 = Debug|Any CPU
		{AD0CABC2-D98E-475C-84B6-AF349EFC6A40}.Ad-Hoc|iPhone.ActiveCfg = Debug|Any CPU
		{AD0CABC2-D98E-475C-84B6-AF349EFC6A40}.Ad-Hoc|iPhone.Build.0 = Debug|Any CPU
		{AD0CABC2-D98E-475C-84B6-AF349EFC6A40}.Ad-Hoc|iPhoneSimulator.ActiveCfg = Debug|Any CPU
		{AD0CABC2-D98E-475C-84B6-AF349EFC6A40}.Ad-Hoc|iPhoneSimulator.Build.0 = Debug|Any CPU
		{AD0CABC2-D98E-475C-84B6-AF349EFC6A40}.Ad-Hoc|x64.ActiveCfg = Debug|Any CPU
		{AD0CABC2-D98E-475C-84B6-AF349EFC6A40}.Ad-Hoc|x64.Build.0 = Debug|Any CPU
		{AD0CABC2-D98E-475C-84B6-AF349EFC6A40}.Ad-Hoc|x86.ActiveCfg = Debug|Any CPU
		{AD0CABC2-D98E-475C-84B6-AF349EFC6A40}.Ad-Hoc|x86.Build.0 = Debug|Any CPU
		{AD0CABC2-D98E-475C-84B6-AF349EFC6A40}.AppStore|Any CPU.ActiveCfg = Debug|Any CPU
		{AD0CABC2-D98E-475C-84B6-AF349EFC6A40}.AppStore|Any CPU.Build.0 = Debug|Any CPU
		{AD0CABC2-D98E-475C-84B6-AF349EFC6A40}.AppStore|ARM.ActiveCfg = Debug|Any CPU
		{AD0CABC2-D98E-475C-84B6-AF349EFC6A40}.AppStore|ARM.Build.0 = Debug|Any CPU
		{AD0CABC2-D98E-475C-84B6-AF349EFC6A40}.AppStore|ARM64.ActiveCfg = Debug|Any CPU
		{AD0CABC2-D98E-475C-84B6-AF349EFC6A40}.AppStore|ARM64.Build.0 = Debug|Any CPU
		{AD0CABC2-D98E-475C-84B6-AF349EFC6A40}.AppStore|iPhone.ActiveCfg = Debug|Any CPU
		{AD0CABC2-D98E-475C-84B6-AF349EFC6A40}.AppStore|iPhone.Build.0 = Debug|Any CPU
		{AD0CABC2-D98E-475C-84B6-AF349EFC6A40}.AppStore|iPhoneSimulator.ActiveCfg = Debug|Any CPU
		{AD0CABC2-D98E-475C-84B6-AF349EFC6A40}.AppStore|iPhoneSimulator.Build.0 = Debug|Any CPU
		{AD0CABC2-D98E-475C-84B6-AF349EFC6A40}.AppStore|x64.ActiveCfg = Debug|Any CPU
		{AD0CABC2-D98E-475C-84B6-AF349EFC6A40}.AppStore|x64.Build.0 = Debug|Any CPU
		{AD0CABC2-D98E-475C-84B6-AF349EFC6A40}.AppStore|x86.ActiveCfg = Debug|Any CPU
		{AD0CABC2-D98E-475C-84B6-AF349EFC6A40}.AppStore|x86.Build.0 = Debug|Any CPU
		{AD0CABC2-D98E-475C-84B6-AF349EFC6A40}.Debug|Any CPU.ActiveCfg = Debug|Any CPU
		{AD0CABC2-D98E-475C-84B6-AF349EFC6A40}.Debug|Any CPU.Build.0 = Debug|Any CPU
		{AD0CABC2-D98E-475C-84B6-AF349EFC6A40}.Debug|ARM.ActiveCfg = Debug|Any CPU
		{AD0CABC2-D98E-475C-84B6-AF349EFC6A40}.Debug|ARM.Build.0 = Debug|Any CPU
		{AD0CABC2-D98E-475C-84B6-AF349EFC6A40}.Debug|ARM64.ActiveCfg = Debug|Any CPU
		{AD0CABC2-D98E-475C-84B6-AF349EFC6A40}.Debug|ARM64.Build.0 = Debug|Any CPU
		{AD0CABC2-D98E-475C-84B6-AF349EFC6A40}.Debug|iPhone.ActiveCfg = Debug|Any CPU
		{AD0CABC2-D98E-475C-84B6-AF349EFC6A40}.Debug|iPhone.Build.0 = Debug|Any CPU
		{AD0CABC2-D98E-475C-84B6-AF349EFC6A40}.Debug|iPhoneSimulator.ActiveCfg = Debug|Any CPU
		{AD0CABC2-D98E-475C-84B6-AF349EFC6A40}.Debug|iPhoneSimulator.Build.0 = Debug|Any CPU
		{AD0CABC2-D98E-475C-84B6-AF349EFC6A40}.Debug|x64.ActiveCfg = Debug|Any CPU
		{AD0CABC2-D98E-475C-84B6-AF349EFC6A40}.Debug|x64.Build.0 = Debug|Any CPU
		{AD0CABC2-D98E-475C-84B6-AF349EFC6A40}.Debug|x86.ActiveCfg = Debug|Any CPU
		{AD0CABC2-D98E-475C-84B6-AF349EFC6A40}.Debug|x86.Build.0 = Debug|Any CPU
		{AD0CABC2-D98E-475C-84B6-AF349EFC6A40}.Release|Any CPU.ActiveCfg = Release|Any CPU
		{AD0CABC2-D98E-475C-84B6-AF349EFC6A40}.Release|Any CPU.Build.0 = Release|Any CPU
		{AD0CABC2-D98E-475C-84B6-AF349EFC6A40}.Release|ARM.ActiveCfg = Release|Any CPU
		{AD0CABC2-D98E-475C-84B6-AF349EFC6A40}.Release|ARM.Build.0 = Release|Any CPU
		{AD0CABC2-D98E-475C-84B6-AF349EFC6A40}.Release|ARM64.ActiveCfg = Release|Any CPU
		{AD0CABC2-D98E-475C-84B6-AF349EFC6A40}.Release|ARM64.Build.0 = Release|Any CPU
		{AD0CABC2-D98E-475C-84B6-AF349EFC6A40}.Release|iPhone.ActiveCfg = Release|Any CPU
		{AD0CABC2-D98E-475C-84B6-AF349EFC6A40}.Release|iPhone.Build.0 = Release|Any CPU
		{AD0CABC2-D98E-475C-84B6-AF349EFC6A40}.Release|iPhoneSimulator.ActiveCfg = Release|Any CPU
		{AD0CABC2-D98E-475C-84B6-AF349EFC6A40}.Release|iPhoneSimulator.Build.0 = Release|Any CPU
		{AD0CABC2-D98E-475C-84B6-AF349EFC6A40}.Release|x64.ActiveCfg = Release|Any CPU
		{AD0CABC2-D98E-475C-84B6-AF349EFC6A40}.Release|x64.Build.0 = Release|Any CPU
		{AD0CABC2-D98E-475C-84B6-AF349EFC6A40}.Release|x86.ActiveCfg = Release|Any CPU
		{AD0CABC2-D98E-475C-84B6-AF349EFC6A40}.Release|x86.Build.0 = Release|Any CPU
		{CC72A729-2CF1-4B25-B04E-DB16C0535F0C}.Ad-Hoc|Any CPU.ActiveCfg = Debug|Any CPU
		{CC72A729-2CF1-4B25-B04E-DB16C0535F0C}.Ad-Hoc|Any CPU.Build.0 = Debug|Any CPU
		{CC72A729-2CF1-4B25-B04E-DB16C0535F0C}.Ad-Hoc|ARM.ActiveCfg = Debug|Any CPU
		{CC72A729-2CF1-4B25-B04E-DB16C0535F0C}.Ad-Hoc|ARM.Build.0 = Debug|Any CPU
		{CC72A729-2CF1-4B25-B04E-DB16C0535F0C}.Ad-Hoc|ARM64.ActiveCfg = Debug|Any CPU
		{CC72A729-2CF1-4B25-B04E-DB16C0535F0C}.Ad-Hoc|ARM64.Build.0 = Debug|Any CPU
		{CC72A729-2CF1-4B25-B04E-DB16C0535F0C}.Ad-Hoc|iPhone.ActiveCfg = Debug|Any CPU
		{CC72A729-2CF1-4B25-B04E-DB16C0535F0C}.Ad-Hoc|iPhone.Build.0 = Debug|Any CPU
		{CC72A729-2CF1-4B25-B04E-DB16C0535F0C}.Ad-Hoc|iPhoneSimulator.ActiveCfg = Debug|Any CPU
		{CC72A729-2CF1-4B25-B04E-DB16C0535F0C}.Ad-Hoc|iPhoneSimulator.Build.0 = Debug|Any CPU
		{CC72A729-2CF1-4B25-B04E-DB16C0535F0C}.Ad-Hoc|x64.ActiveCfg = Debug|Any CPU
		{CC72A729-2CF1-4B25-B04E-DB16C0535F0C}.Ad-Hoc|x64.Build.0 = Debug|Any CPU
		{CC72A729-2CF1-4B25-B04E-DB16C0535F0C}.Ad-Hoc|x86.ActiveCfg = Debug|Any CPU
		{CC72A729-2CF1-4B25-B04E-DB16C0535F0C}.Ad-Hoc|x86.Build.0 = Debug|Any CPU
		{CC72A729-2CF1-4B25-B04E-DB16C0535F0C}.AppStore|Any CPU.ActiveCfg = Debug|Any CPU
		{CC72A729-2CF1-4B25-B04E-DB16C0535F0C}.AppStore|Any CPU.Build.0 = Debug|Any CPU
		{CC72A729-2CF1-4B25-B04E-DB16C0535F0C}.AppStore|ARM.ActiveCfg = Debug|Any CPU
		{CC72A729-2CF1-4B25-B04E-DB16C0535F0C}.AppStore|ARM.Build.0 = Debug|Any CPU
		{CC72A729-2CF1-4B25-B04E-DB16C0535F0C}.AppStore|ARM64.ActiveCfg = Debug|Any CPU
		{CC72A729-2CF1-4B25-B04E-DB16C0535F0C}.AppStore|ARM64.Build.0 = Debug|Any CPU
		{CC72A729-2CF1-4B25-B04E-DB16C0535F0C}.AppStore|iPhone.ActiveCfg = Debug|Any CPU
		{CC72A729-2CF1-4B25-B04E-DB16C0535F0C}.AppStore|iPhone.Build.0 = Debug|Any CPU
		{CC72A729-2CF1-4B25-B04E-DB16C0535F0C}.AppStore|iPhoneSimulator.ActiveCfg = Debug|Any CPU
		{CC72A729-2CF1-4B25-B04E-DB16C0535F0C}.AppStore|iPhoneSimulator.Build.0 = Debug|Any CPU
		{CC72A729-2CF1-4B25-B04E-DB16C0535F0C}.AppStore|x64.ActiveCfg = Debug|Any CPU
		{CC72A729-2CF1-4B25-B04E-DB16C0535F0C}.AppStore|x64.Build.0 = Debug|Any CPU
		{CC72A729-2CF1-4B25-B04E-DB16C0535F0C}.AppStore|x86.ActiveCfg = Debug|Any CPU
		{CC72A729-2CF1-4B25-B04E-DB16C0535F0C}.AppStore|x86.Build.0 = Debug|Any CPU
		{CC72A729-2CF1-4B25-B04E-DB16C0535F0C}.Debug|Any CPU.ActiveCfg = Debug|Any CPU
		{CC72A729-2CF1-4B25-B04E-DB16C0535F0C}.Debug|Any CPU.Build.0 = Debug|Any CPU
		{CC72A729-2CF1-4B25-B04E-DB16C0535F0C}.Debug|ARM.ActiveCfg = Debug|Any CPU
		{CC72A729-2CF1-4B25-B04E-DB16C0535F0C}.Debug|ARM.Build.0 = Debug|Any CPU
		{CC72A729-2CF1-4B25-B04E-DB16C0535F0C}.Debug|ARM64.ActiveCfg = Debug|Any CPU
		{CC72A729-2CF1-4B25-B04E-DB16C0535F0C}.Debug|ARM64.Build.0 = Debug|Any CPU
		{CC72A729-2CF1-4B25-B04E-DB16C0535F0C}.Debug|iPhone.ActiveCfg = Debug|Any CPU
		{CC72A729-2CF1-4B25-B04E-DB16C0535F0C}.Debug|iPhone.Build.0 = Debug|Any CPU
		{CC72A729-2CF1-4B25-B04E-DB16C0535F0C}.Debug|iPhoneSimulator.ActiveCfg = Debug|Any CPU
		{CC72A729-2CF1-4B25-B04E-DB16C0535F0C}.Debug|iPhoneSimulator.Build.0 = Debug|Any CPU
		{CC72A729-2CF1-4B25-B04E-DB16C0535F0C}.Debug|x64.ActiveCfg = Debug|Any CPU
		{CC72A729-2CF1-4B25-B04E-DB16C0535F0C}.Debug|x64.Build.0 = Debug|Any CPU
		{CC72A729-2CF1-4B25-B04E-DB16C0535F0C}.Debug|x86.ActiveCfg = Debug|Any CPU
		{CC72A729-2CF1-4B25-B04E-DB16C0535F0C}.Debug|x86.Build.0 = Debug|Any CPU
		{CC72A729-2CF1-4B25-B04E-DB16C0535F0C}.Release|Any CPU.ActiveCfg = Release|Any CPU
		{CC72A729-2CF1-4B25-B04E-DB16C0535F0C}.Release|Any CPU.Build.0 = Release|Any CPU
		{CC72A729-2CF1-4B25-B04E-DB16C0535F0C}.Release|Any CPU.Deploy.0 = Release|Any CPU
		{CC72A729-2CF1-4B25-B04E-DB16C0535F0C}.Release|ARM.ActiveCfg = Release|Any CPU
		{CC72A729-2CF1-4B25-B04E-DB16C0535F0C}.Release|ARM.Build.0 = Release|Any CPU
		{CC72A729-2CF1-4B25-B04E-DB16C0535F0C}.Release|ARM64.ActiveCfg = Release|Any CPU
		{CC72A729-2CF1-4B25-B04E-DB16C0535F0C}.Release|ARM64.Build.0 = Release|Any CPU
		{CC72A729-2CF1-4B25-B04E-DB16C0535F0C}.Release|iPhone.ActiveCfg = Release|Any CPU
		{CC72A729-2CF1-4B25-B04E-DB16C0535F0C}.Release|iPhone.Build.0 = Release|Any CPU
		{CC72A729-2CF1-4B25-B04E-DB16C0535F0C}.Release|iPhoneSimulator.ActiveCfg = Release|Any CPU
		{CC72A729-2CF1-4B25-B04E-DB16C0535F0C}.Release|iPhoneSimulator.Build.0 = Release|Any CPU
		{CC72A729-2CF1-4B25-B04E-DB16C0535F0C}.Release|x64.ActiveCfg = Release|Any CPU
		{CC72A729-2CF1-4B25-B04E-DB16C0535F0C}.Release|x64.Build.0 = Release|Any CPU
		{CC72A729-2CF1-4B25-B04E-DB16C0535F0C}.Release|x64.Deploy.0 = Release|Any CPU
		{CC72A729-2CF1-4B25-B04E-DB16C0535F0C}.Release|x86.ActiveCfg = Release|Any CPU
		{CC72A729-2CF1-4B25-B04E-DB16C0535F0C}.Release|x86.Build.0 = Release|Any CPU
	EndGlobalSection
	GlobalSection(SolutionProperties) = preSolution
		HideSolutionNode = FALSE
	EndGlobalSection
	GlobalSection(ExtensibilityGlobals) = postSolution
		SolutionGuid = {4B628FDA-F146-4A95-AE83-8BFAF1D9E68B}
	EndGlobalSection
EndGlobal
